{
  "version": 4,
  "terraform_version": "1.11.4",
  "serial": 9,
  "lineage": "8a85499f-8d24-2fba-2416-414109544164",
  "outputs": {
    "frontend_vm_public_IP_address": {
      "value": "4.219.12.17",
      "type": "string"
    }
  },
  "resources": [
    {
      "mode": "managed",
      "type": "azurerm_resource_group",
      "name": "infra_RG",
      "provider": "provider[\"registry.terraform.io/hashicorp/azurerm\"]",
      "instances": [
        {
          "schema_version": 0,
          "attributes": {
            "id": "/subscriptions/1ef65f49-52e6-4f8d-84ec-4187de203adc/resourceGroups/opneData-rg",
            "location": "norwayeast",
            "managed_by": "",
            "name": "opneData-rg",
            "tags": null,
            "timeouts": null
          },
          "sensitive_attributes": [],
          "private": "eyJlMmJmYjczMC1lY2FhLTExZTYtOGY4OC0zNDM2M2JjN2M0YzAiOnsiY3JlYXRlIjo1NDAwMDAwMDAwMDAwLCJkZWxldGUiOjU0MDAwMDAwMDAwMDAsInJlYWQiOjMwMDAwMDAwMDAwMCwidXBkYXRlIjo1NDAwMDAwMDAwMDAwfX0="
        }
      ]
    },
    {
      "module": "module.Vm",
      "mode": "managed",
      "type": "azurerm_linux_virtual_machine",
      "name": "frontend_vm",
      "provider": "provider[\"registry.terraform.io/hashicorp/azurerm\"]",
      "instances": [
        {
          "schema_version": 0,
          "attributes": {
            "additional_capabilities": [],
            "admin_password": null,
            "admin_ssh_key": [
              {
                "public_key": "ssh-rsa AAAAB3NzaC1yc2EAAAADAQABAAACAQDWhE5DjnIsei+L6d5spTT09Ba/+/pzomwOAhbptMnL72Ou99uYonEcravEv4hOuG4L3+8sLUf+4+MZxXtcJkzJJm1oDuWwqti0seHOmZnhAgZerRUr3UPzXjcOKZ8a049rQE1tN3sSuvOPbL0x1GdpSHajazWIcNe0ivxWi+RtCJGWbQU52zEZv8hGJIXGuz1y7fc2NjxmpR/cWBi29NzRVgFATn+RfDFfIo1Vsmp/iJ7WbQRf4mtt95Gvmx/jY09ulMmGxGqG7iOrbt+fitddPldmYofSpoLuQLL7lQp9J/kqD4j11+MFbVBQJruKOcO4bkEuNfpAXhGLBuHXKuHQvzo3iXkZvXQhO1bbPjM1MKchQgnfMOfW1SUYwDKnfXN6S4X2iNJ90KpUa+rVmIovpeXAkEJESrfUyoW/fMBp1gktLfC6etRwi4/ssTaU6Wb8llouAROHq/rjoZU+g+Plt9unDycChchqYt9xkXNYCKZeXVDYzqIQBFy73Fqonh2iPogufJ9Uq3TxH4SVOQxqCLqPijkVQCYWBcDOfDA9RpWtYkFRS/Vk+lIbAE4CxsGNcd5AFj+KD0ZObBVY/8bfxShXJCn6e1yjs8fnBYQoLP8weKTDVUwHoL0Dl8dDjIKEsyebr83wL290wzXh6AKl2ZHNCX1PGg93/Y0aaVycrw== LamaH@Doffy\n",
                "username": "azureuser"
              }
            ],
            "admin_username": "azureuser",
            "allow_extension_operations": true,
            "availability_set_id": "",
            "boot_diagnostics": [],
            "bypass_platform_safety_checks_on_user_schedule_enabled": false,
            "capacity_reservation_group_id": "",
            "computer_name": "opendata-vm",
            "custom_data": "IyEvYmluL2Jhc2gNCg0Kc3VkbyBhcHQgdXBkYXRlICYmIHN1ZG8gYXB0IHVwZ3JhZGUgLXkNCnN1ZG8gYXB0IGluc3RhbGwgLXkgZ2l0IGRvY2tlci5pbyBkb2NrZXItY29tcG9zZQ0KDQpzdWRvIHN5c3RlbWN0bCBlbmFibGUgZG9ja2VyDQpzdWRvIHN5c3RlbWN0bCBzdGFydCBkb2NrZXINCg0KZ2l0IGNsb25lIGh0dHBzOi8vZ2l0aHViLmNvbS9vcGVuZGF0YWRpc2NvdmVyeS9vZGQtcGxhdGZvcm0uZ2l0DQoNCmNkIG9kZC1wbGF0Zm9ybS9kb2NrZXINCmRlbW8ueWFtbA0Kc3VkbyBkb2NrZXItY29tcG9zZSAtZiBkZW1vLnlhbWwgdXAgLWQNCnN1ZG8gZG9ja2VyIHBzDQo=",
            "dedicated_host_group_id": "",
            "dedicated_host_id": "",
            "disable_password_authentication": true,
            "disk_controller_type": "",
            "edge_zone": "",
            "encryption_at_host_enabled": false,
            "eviction_policy": "",
            "extensions_time_budget": "PT1H30M",
            "gallery_application": [],
            "id": "/subscriptions/1ef65f49-52e6-4f8d-84ec-4187de203adc/resourceGroups/opneData-rg/providers/Microsoft.Compute/virtualMachines/opendata-vm",
            "identity": [],
            "license_type": "",
            "location": "norwayeast",
            "max_bid_price": -1,
            "name": "opendata-vm",
            "network_interface_ids": [
              "/subscriptions/1ef65f49-52e6-4f8d-84ec-4187de203adc/resourceGroups/opneData-rg/providers/Microsoft.Network/networkInterfaces/opendata-vm-nic"
            ],
            "os_disk": [
              {
                "caching": "ReadWrite",
                "diff_disk_settings": [],
                "disk_encryption_set_id": "",
                "disk_size_gb": 30,
                "id": "/subscriptions/1ef65f49-52e6-4f8d-84ec-4187de203adc/resourceGroups/opneData-rg/providers/Microsoft.Compute/disks/opendata-vm_OsDisk_1_94c7643bd17a4264b6348df65f129d0c",
                "name": "opendata-vm_OsDisk_1_94c7643bd17a4264b6348df65f129d0c",
                "secure_vm_disk_encryption_set_id": "",
                "security_encryption_type": "",
                "storage_account_type": "Standard_LRS",
                "write_accelerator_enabled": false
              }
            ],
            "os_image_notification": [],
            "patch_assessment_mode": "ImageDefault",
            "patch_mode": "ImageDefault",
            "plan": [],
            "platform_fault_domain": -1,
            "priority": "Regular",
            "private_ip_address": "10.0.2.4",
            "private_ip_addresses": [
              "10.0.2.4"
            ],
            "provision_vm_agent": true,
            "proximity_placement_group_id": "",
            "public_ip_address": "4.219.12.17",
            "public_ip_addresses": [
              "4.219.12.17"
            ],
            "reboot_setting": "",
            "resource_group_name": "opneData-rg",
            "secret": [],
            "secure_boot_enabled": false,
            "size": "Standard_D2s_v3",
            "source_image_id": "",
            "source_image_reference": [
              {
                "offer": "0001-com-ubuntu-server-jammy",
                "publisher": "Canonical",
                "sku": "22_04-lts",
                "version": "latest"
              }
            ],
            "tags": null,
            "termination_notification": null,
            "timeouts": null,
            "user_data": "",
            "virtual_machine_id": "fcc093b9-4f25-45a1-817e-f4d050008e40",
            "virtual_machine_scale_set_id": "",
            "vm_agent_platform_updates_enabled": false,
            "vtpm_enabled": false,
            "zone": ""
          },
          "sensitive_attributes": [
            [
              {
                "type": "get_attr",
                "value": "custom_data"
              }
            ],
            [
              {
                "type": "get_attr",
                "value": "admin_password"
              }
            ]
          ],
          "private": "eyJlMmJmYjczMC1lY2FhLTExZTYtOGY4OC0zNDM2M2JjN2M0YzAiOnsiY3JlYXRlIjoyNzAwMDAwMDAwMDAwLCJkZWxldGUiOjI3MDAwMDAwMDAwMDAsInJlYWQiOjMwMDAwMDAwMDAwMCwidXBkYXRlIjoyNzAwMDAwMDAwMDAwfX0=",
          "dependencies": [
            "azurerm_resource_group.infra_RG",
            "module.Vm.azurerm_network_interface.VmNic",
            "module.Vm.azurerm_public_ip.WebPublicIp",
            "module.Vnet.azurerm_network_security_group.VmNsg",
            "module.Vnet.azurerm_subnet.WebSubnet",
            "module.Vnet.azurerm_subnet_network_security_group_association.nsg-association",
            "module.Vnet.azurerm_virtual_network.MyVnet"
          ]
        }
      ]
    },
    {
      "module": "module.Vm",
      "mode": "managed",
      "type": "azurerm_network_interface",
      "name": "VmNic",
      "provider": "provider[\"registry.terraform.io/hashicorp/azurerm\"]",
      "instances": [
        {
          "schema_version": 0,
          "attributes": {
            "accelerated_networking_enabled": false,
            "applied_dns_servers": [],
            "auxiliary_mode": "",
            "auxiliary_sku": "",
            "dns_servers": null,
            "edge_zone": "",
            "id": "/subscriptions/1ef65f49-52e6-4f8d-84ec-4187de203adc/resourceGroups/opneData-rg/providers/Microsoft.Network/networkInterfaces/opendata-vm-nic",
            "internal_dns_name_label": "",
            "internal_domain_name_suffix": "51p3oi0wzk3u3glpnozofus2ih.oslx.internal.cloudapp.net",
            "ip_configuration": [
              {
                "gateway_load_balancer_frontend_ip_configuration_id": "",
                "name": "internal",
                "primary": true,
                "private_ip_address": "10.0.2.4",
                "private_ip_address_allocation": "Dynamic",
                "private_ip_address_version": "IPv4",
                "public_ip_address_id": "/subscriptions/1ef65f49-52e6-4f8d-84ec-4187de203adc/resourceGroups/opneData-rg/providers/Microsoft.Network/publicIPAddresses/opendata-vm-ip",
                "subnet_id": "/subscriptions/1ef65f49-52e6-4f8d-84ec-4187de203adc/resourceGroups/opneData-rg/providers/Microsoft.Network/virtualNetworks/dataVnet/subnets/opendataSubnet"
              }
            ],
            "ip_forwarding_enabled": false,
            "location": "norwayeast",
            "mac_address": "",
            "name": "opendata-vm-nic",
            "private_ip_address": "10.0.2.4",
            "private_ip_addresses": [
              "10.0.2.4"
            ],
            "resource_group_name": "opneData-rg",
            "tags": null,
            "timeouts": null,
            "virtual_machine_id": ""
          },
          "sensitive_attributes": [],
          "private": "eyJlMmJmYjczMC1lY2FhLTExZTYtOGY4OC0zNDM2M2JjN2M0YzAiOnsiY3JlYXRlIjoxODAwMDAwMDAwMDAwLCJkZWxldGUiOjE4MDAwMDAwMDAwMDAsInJlYWQiOjMwMDAwMDAwMDAwMCwidXBkYXRlIjoxODAwMDAwMDAwMDAwfX0=",
          "dependencies": [
            "azurerm_resource_group.infra_RG",
            "module.Vm.azurerm_public_ip.WebPublicIp",
            "module.Vnet.azurerm_network_security_group.VmNsg",
            "module.Vnet.azurerm_subnet.WebSubnet",
            "module.Vnet.azurerm_subnet_network_security_group_association.nsg-association",
            "module.Vnet.azurerm_virtual_network.MyVnet"
          ]
        }
      ]
    },
    {
      "module": "module.Vm",
      "mode": "managed",
      "type": "azurerm_public_ip",
      "name": "WebPublicIp",
      "provider": "provider[\"registry.terraform.io/hashicorp/azurerm\"]",
      "instances": [
        {
          "schema_version": 0,
          "attributes": {
            "allocation_method": "Static",
            "ddos_protection_mode": "VirtualNetworkInherited",
            "ddos_protection_plan_id": null,
            "domain_name_label": null,
            "domain_name_label_scope": null,
            "edge_zone": "",
            "fqdn": null,
            "id": "/subscriptions/1ef65f49-52e6-4f8d-84ec-4187de203adc/resourceGroups/opneData-rg/providers/Microsoft.Network/publicIPAddresses/opendata-vm-ip",
            "idle_timeout_in_minutes": 4,
            "ip_address": "4.219.12.17",
            "ip_tags": null,
            "ip_version": "IPv4",
            "location": "norwayeast",
            "name": "opendata-vm-ip",
            "public_ip_prefix_id": null,
            "resource_group_name": "opneData-rg",
            "reverse_fqdn": null,
            "sku": "Standard",
            "sku_tier": "Regional",
            "tags": null,
            "timeouts": null,
            "zones": null
          },
          "sensitive_attributes": [],
          "private": "eyJlMmJmYjczMC1lY2FhLTExZTYtOGY4OC0zNDM2M2JjN2M0YzAiOnsiY3JlYXRlIjoxODAwMDAwMDAwMDAwLCJkZWxldGUiOjE4MDAwMDAwMDAwMDAsInJlYWQiOjMwMDAwMDAwMDAwMCwidXBkYXRlIjoxODAwMDAwMDAwMDAwfX0=",
          "dependencies": [
            "azurerm_resource_group.infra_RG",
            "module.Vnet.azurerm_network_security_group.VmNsg",
            "module.Vnet.azurerm_subnet.WebSubnet",
            "module.Vnet.azurerm_subnet_network_security_group_association.nsg-association",
            "module.Vnet.azurerm_virtual_network.MyVnet"
          ]
        }
      ]
    },
    {
      "module": "module.Vnet",
      "mode": "managed",
      "type": "azurerm_network_security_group",
      "name": "VmNsg",
      "provider": "provider[\"registry.terraform.io/hashicorp/azurerm\"]",
      "instances": [
        {
          "schema_version": 0,
          "attributes": {
            "id": "/subscriptions/1ef65f49-52e6-4f8d-84ec-4187de203adc/resourceGroups/opneData-rg/providers/Microsoft.Network/networkSecurityGroups/opendata-vm-nsg",
            "location": "norwayeast",
            "name": "opendata-vm-nsg",
            "resource_group_name": "opneData-rg",
            "security_rule": [
              {
                "access": "Allow",
                "description": "",
                "destination_address_prefix": "*",
                "destination_address_prefixes": [],
                "destination_application_security_group_ids": [],
                "destination_port_range": "22",
                "destination_port_ranges": [],
                "direction": "Inbound",
                "name": "allow-ssh",
                "priority": 100,
                "protocol": "Tcp",
                "source_address_prefix": "*",
                "source_address_prefixes": [],
                "source_application_security_group_ids": [],
                "source_port_range": "*",
                "source_port_ranges": []
              },
              {
                "access": "Allow",
                "description": "",
                "destination_address_prefix": "*",
                "destination_address_prefixes": [],
                "destination_application_security_group_ids": [],
                "destination_port_range": "9002",
                "destination_port_ranges": [],
                "direction": "Inbound",
                "name": "allow-frontend",
                "priority": 200,
                "protocol": "Tcp",
                "source_address_prefix": "*",
                "source_address_prefixes": [],
                "source_application_security_group_ids": [],
                "source_port_range": "*",
                "source_port_ranges": []
              }
            ],
            "tags": null,
            "timeouts": null
          },
          "sensitive_attributes": [],
          "private": "eyJlMmJmYjczMC1lY2FhLTExZTYtOGY4OC0zNDM2M2JjN2M0YzAiOnsiY3JlYXRlIjoxODAwMDAwMDAwMDAwLCJkZWxldGUiOjE4MDAwMDAwMDAwMDAsInJlYWQiOjMwMDAwMDAwMDAwMCwidXBkYXRlIjoxODAwMDAwMDAwMDAwfX0=",
          "dependencies": [
            "azurerm_resource_group.infra_RG"
          ]
        }
      ]
    },
    {
      "module": "module.Vnet",
      "mode": "managed",
      "type": "azurerm_subnet",
      "name": "WebSubnet",
      "provider": "provider[\"registry.terraform.io/hashicorp/azurerm\"]",
      "instances": [
        {
          "schema_version": 0,
          "attributes": {
            "address_prefixes": [
              "10.0.2.0/24"
            ],
            "default_outbound_access_enabled": true,
            "delegation": [],
            "id": "/subscriptions/1ef65f49-52e6-4f8d-84ec-4187de203adc/resourceGroups/opneData-rg/providers/Microsoft.Network/virtualNetworks/dataVnet/subnets/opendataSubnet",
            "name": "opendataSubnet",
            "private_endpoint_network_policies": "Disabled",
            "private_link_service_network_policies_enabled": true,
            "resource_group_name": "opneData-rg",
            "service_endpoint_policy_ids": null,
            "service_endpoints": null,
            "timeouts": null,
            "virtual_network_name": "dataVnet"
          },
          "sensitive_attributes": [],
          "private": "eyJlMmJmYjczMC1lY2FhLTExZTYtOGY4OC0zNDM2M2JjN2M0YzAiOnsiY3JlYXRlIjoxODAwMDAwMDAwMDAwLCJkZWxldGUiOjE4MDAwMDAwMDAwMDAsInJlYWQiOjMwMDAwMDAwMDAwMCwidXBkYXRlIjoxODAwMDAwMDAwMDAwfX0=",
          "dependencies": [
            "azurerm_resource_group.infra_RG",
            "module.Vnet.azurerm_virtual_network.MyVnet"
          ]
        }
      ]
    },
    {
      "module": "module.Vnet",
      "mode": "managed",
      "type": "azurerm_subnet_network_security_group_association",
      "name": "nsg-association",
      "provider": "provider[\"registry.terraform.io/hashicorp/azurerm\"]",
      "instances": [
        {
          "schema_version": 0,
          "attributes": {
            "id": "/subscriptions/1ef65f49-52e6-4f8d-84ec-4187de203adc/resourceGroups/opneData-rg/providers/Microsoft.Network/virtualNetworks/dataVnet/subnets/opendataSubnet",
            "network_security_group_id": "/subscriptions/1ef65f49-52e6-4f8d-84ec-4187de203adc/resourceGroups/opneData-rg/providers/Microsoft.Network/networkSecurityGroups/opendata-vm-nsg",
            "subnet_id": "/subscriptions/1ef65f49-52e6-4f8d-84ec-4187de203adc/resourceGroups/opneData-rg/providers/Microsoft.Network/virtualNetworks/dataVnet/subnets/opendataSubnet",
            "timeouts": null
          },
          "sensitive_attributes": [],
          "private": "eyJlMmJmYjczMC1lY2FhLTExZTYtOGY4OC0zNDM2M2JjN2M0YzAiOnsiY3JlYXRlIjoxODAwMDAwMDAwMDAwLCJkZWxldGUiOjE4MDAwMDAwMDAwMDAsInJlYWQiOjMwMDAwMDAwMDAwMH19",
          "dependencies": [
            "azurerm_resource_group.infra_RG",
            "module.Vnet.azurerm_network_security_group.VmNsg",
            "module.Vnet.azurerm_subnet.WebSubnet",
            "module.Vnet.azurerm_virtual_network.MyVnet"
          ]
        }
      ]
    },
    {
      "module": "module.Vnet",
      "mode": "managed",
      "type": "azurerm_virtual_network",
      "name": "MyVnet",
      "provider": "provider[\"registry.terraform.io/hashicorp/azurerm\"]",
      "instances": [
        {
          "schema_version": 0,
          "attributes": {
            "address_space": [
              "10.0.0.0/16"
            ],
            "bgp_community": "",
            "ddos_protection_plan": [],
            "dns_servers": [],
            "edge_zone": "",
            "encryption": [],
            "flow_timeout_in_minutes": 0,
            "guid": "23d7dffe-ca56-4ebb-996f-6bb2e2d25c47",
            "id": "/subscriptions/1ef65f49-52e6-4f8d-84ec-4187de203adc/resourceGroups/opneData-rg/providers/Microsoft.Network/virtualNetworks/dataVnet",
            "location": "norwayeast",
            "name": "dataVnet",
            "private_endpoint_vnet_policies": "Disabled",
            "resource_group_name": "opneData-rg",
            "subnet": [],
            "tags": null,
            "timeouts": null
          },
          "sensitive_attributes": [],
          "private": "eyJlMmJmYjczMC1lY2FhLTExZTYtOGY4OC0zNDM2M2JjN2M0YzAiOnsiY3JlYXRlIjoxODAwMDAwMDAwMDAwLCJkZWxldGUiOjE4MDAwMDAwMDAwMDAsInJlYWQiOjMwMDAwMDAwMDAwMCwidXBkYXRlIjoxODAwMDAwMDAwMDAwfX0=",
          "dependencies": [
            "azurerm_resource_group.infra_RG"
          ]
        }
      ]
    }
  ],
  "check_results": null
}
